// !$*UTF8*$!
{
	archiveVersion = 1;
	classes = {
	};
	objectVersion = 56;
	objects = {

/* Begin PBXBuildFile section */
		B01712B729142AFC00269286 /* Extensions.swift in Sources */ = {isa = PBXBuildFile; fileRef = B01712B629142AFC00269286 /* Extensions.swift */; };
		B0252F0B291196CC00764527 /* EmojiArtApp.swift in Sources */ = {isa = PBXBuildFile; fileRef = B0252F0A291196CC00764527 /* EmojiArtApp.swift */; };
		B0252F0D291196CC00764527 /* DocumentView.swift in Sources */ = {isa = PBXBuildFile; fileRef = B0252F0C291196CC00764527 /* DocumentView.swift */; };
		B0252F0F291196CD00764527 /* Assets.xcassets in Resources */ = {isa = PBXBuildFile; fileRef = B0252F0E291196CD00764527 /* Assets.xcassets */; };
		B0252F12291196CD00764527 /* Preview Assets.xcassets in Resources */ = {isa = PBXBuildFile; fileRef = B0252F11291196CD00764527 /* Preview Assets.xcassets */; };
		B0252F1C2911970700764527 /* Background.swift in Sources */ = {isa = PBXBuildFile; fileRef = B0252F1B2911970700764527 /* Background.swift */; };
		B0252F1E2911973700764527 /* Emoji.swift in Sources */ = {isa = PBXBuildFile; fileRef = B0252F1D2911973700764527 /* Emoji.swift */; };
		B0252F202911979400764527 /* Document.swift in Sources */ = {isa = PBXBuildFile; fileRef = B0252F1F2911979400764527 /* Document.swift */; };
		B0252F22291197F800764527 /* DocumentViewModel.swift in Sources */ = {isa = PBXBuildFile; fileRef = B0252F21291197F800764527 /* DocumentViewModel.swift */; };
		B07978B8291A62E900A53C42 /* PaletteStore.swift in Sources */ = {isa = PBXBuildFile; fileRef = B07978B7291A62E900A53C42 /* PaletteStore.swift */; };
		B07978BA291A630D00A53C42 /* Palette.swift in Sources */ = {isa = PBXBuildFile; fileRef = B07978B9291A630D00A53C42 /* Palette.swift */; };
		B089FB35292A880B0074DC98 /* PaletteManager.swift in Sources */ = {isa = PBXBuildFile; fileRef = B089FB34292A880B0074DC98 /* PaletteManager.swift */; };
		B0A34519291A864B00423F38 /* PaletteChooser.swift in Sources */ = {isa = PBXBuildFile; fileRef = B0A34518291A864B00423F38 /* PaletteChooser.swift */; };
		B0CE2419291CFA83003D0843 /* PaletteEditor.swift in Sources */ = {isa = PBXBuildFile; fileRef = B0CE2418291CFA83003D0843 /* PaletteEditor.swift */; };
/* End PBXBuildFile section */

/* Begin PBXFileReference section */
		B01712B629142AFC00269286 /* Extensions.swift */ = {isa = PBXFileReference; lastKnownFileType = sourcecode.swift; path = Extensions.swift; sourceTree = "<group>"; };
		B0252F07291196CC00764527 /* EmojiArt.app */ = {isa = PBXFileReference; explicitFileType = wrapper.application; includeInIndex = 0; path = EmojiArt.app; sourceTree = BUILT_PRODUCTS_DIR; };
		B0252F0A291196CC00764527 /* EmojiArtApp.swift */ = {isa = PBXFileReference; lastKnownFileType = sourcecode.swift; path = EmojiArtApp.swift; sourceTree = "<group>"; };
		B0252F0C291196CC00764527 /* DocumentView.swift */ = {isa = PBXFileReference; lastKnownFileType = sourcecode.swift; path = DocumentView.swift; sourceTree = "<group>"; };
		B0252F0E291196CD00764527 /* Assets.xcassets */ = {isa = PBXFileReference; lastKnownFileType = folder.assetcatalog; path = Assets.xcassets; sourceTree = "<group>"; };
		B0252F11291196CD00764527 /* Preview Assets.xcassets */ = {isa = PBXFileReference; lastKnownFileType = folder.assetcatalog; path = "Preview Assets.xcassets"; sourceTree = "<group>"; };
		B0252F1B2911970700764527 /* Background.swift */ = {isa = PBXFileReference; lastKnownFileType = sourcecode.swift; path = Background.swift; sourceTree = "<group>"; };
		B0252F1D2911973700764527 /* Emoji.swift */ = {isa = PBXFileReference; lastKnownFileType = sourcecode.swift; path = Emoji.swift; sourceTree = "<group>"; };
		B0252F1F2911979400764527 /* Document.swift */ = {isa = PBXFileReference; lastKnownFileType = sourcecode.swift; path = Document.swift; sourceTree = "<group>"; };
		B0252F21291197F800764527 /* DocumentViewModel.swift */ = {isa = PBXFileReference; lastKnownFileType = sourcecode.swift; path = DocumentViewModel.swift; sourceTree = "<group>"; };
		B07978B7291A62E900A53C42 /* PaletteStore.swift */ = {isa = PBXFileReference; lastKnownFileType = sourcecode.swift; path = PaletteStore.swift; sourceTree = "<group>"; };
		B07978B9291A630D00A53C42 /* Palette.swift */ = {isa = PBXFileReference; lastKnownFileType = sourcecode.swift; path = Palette.swift; sourceTree = "<group>"; };
		B089FB34292A880B0074DC98 /* PaletteManager.swift */ = {isa = PBXFileReference; lastKnownFileType = sourcecode.swift; path = PaletteManager.swift; sourceTree = "<group>"; };
		B0A34518291A864B00423F38 /* PaletteChooser.swift */ = {isa = PBXFileReference; lastKnownFileType = sourcecode.swift; path = PaletteChooser.swift; sourceTree = "<group>"; };
		B0CE2418291CFA83003D0843 /* PaletteEditor.swift */ = {isa = PBXFileReference; lastKnownFileType = sourcecode.swift; path = PaletteEditor.swift; sourceTree = "<group>"; };
/* End PBXFileReference section */

/* Begin PBXFrameworksBuildPhase section */
		B0252F04291196CC00764527 /* Frameworks */ = {
			isa = PBXFrameworksBuildPhase;
			buildActionMask = 2147483647;
			files = (
			);
			runOnlyForDeploymentPostprocessing = 0;
		};
/* End PBXFrameworksBuildPhase section */

/* Begin PBXGroup section */
		B0252EFE291196CB00764527 = {
			isa = PBXGroup;
			children = (
				B0252F09291196CC00764527 /* EmojiArt */,
				B0252F08291196CC00764527 /* Products */,
			);
			sourceTree = "<group>";
		};
		B0252F08291196CC00764527 /* Products */ = {
			isa = PBXGroup;
			children = (
				B0252F07291196CC00764527 /* EmojiArt.app */,
			);
			name = Products;
			sourceTree = "<group>";
		};
		B0252F09291196CC00764527 /* EmojiArt */ = {
			isa = PBXGroup;
			children = (
				B0252F18291196E200764527 /* Model */,
				B0252F1A291196EE00764527 /* ViewModel */,
				B0252F19291196EB00764527 /* Views */,
				B0252F0A291196CC00764527 /* EmojiArtApp.swift */,
				B01712B629142AFC00269286 /* Extensions.swift */,
				B0252F0E291196CD00764527 /* Assets.xcassets */,
				B0252F10291196CD00764527 /* Preview Content */,
			);
			path = EmojiArt;
			sourceTree = "<group>";
		};
		B0252F10291196CD00764527 /* Preview Content */ = {
			isa = PBXGroup;
			children = (
				B0252F11291196CD00764527 /* Preview Assets.xcassets */,
			);
			path = "Preview Content";
			sourceTree = "<group>";
		};
		B0252F18291196E200764527 /* Model */ = {
			isa = PBXGroup;
			children = (
				B0252F1B2911970700764527 /* Background.swift */,
				B0252F1D2911973700764527 /* Emoji.swift */,
				B0252F1F2911979400764527 /* Document.swift */,
				B07978B9291A630D00A53C42 /* Palette.swift */,
			);
			path = Model;
			sourceTree = "<group>";
		};
		B0252F19291196EB00764527 /* Views */ = {
			isa = PBXGroup;
			children = (
				B0252F0C291196CC00764527 /* DocumentView.swift */,
				B0A34518291A864B00423F38 /* PaletteChooser.swift */,
				B0CE2418291CFA83003D0843 /* PaletteEditor.swift */,
				B089FB34292A880B0074DC98 /* PaletteManager.swift */,
			);
			path = Views;
			sourceTree = "<group>";
		};
		B0252F1A291196EE00764527 /* ViewModel */ = {
			isa = PBXGroup;
			children = (
				B0252F21291197F800764527 /* DocumentViewModel.swift */,
				B07978B7291A62E900A53C42 /* PaletteStore.swift */,
			);
			path = ViewModel;
			sourceTree = "<group>";
		};
/* End PBXGroup section */

/* Begin PBXNativeTarget section */
		B0252F06291196CC00764527 /* EmojiArt */ = {
			isa = PBXNativeTarget;
			buildConfigurationList = B0252F15291196CD00764527 /* Build configuration list for PBXNativeTarget "EmojiArt" */;
			buildPhases = (
				B0252F03291196CC00764527 /* Sources */,
				B0252F04291196CC00764527 /* Frameworks */,
				B0252F05291196CC00764527 /* Resources */,
			);
			buildRules = (
			);
			dependencies = (
			);
			name = EmojiArt;
			productName = EmojiArt;
			productReference = B0252F07291196CC00764527 /* EmojiArt.app */;
			productType = "com.apple.product-type.application";
		};
/* End PBXNativeTarget section */

/* Begin PBXProject section */
		B0252EFF291196CB00764527 /* Project object */ = {
			isa = PBXProject;
			attributes = {
				BuildIndependentTargetsInParallel = 1;
				LastSwiftUpdateCheck = 1400;
				LastUpgradeCheck = 1400;
				TargetAttributes = {
					B0252F06291196CC00764527 = {
						CreatedOnToolsVersion = 14.0.1;
					};
				};
			};
			buildConfigurationList = B0252F02291196CB00764527 /* Build configuration list for PBXProject "EmojiArt" */;
			compatibilityVersion = "Xcode 14.0";
			developmentRegion = en;
			hasScannedForEncodings = 0;
			knownRegions = (
				en,
				Base,
			);
			mainGroup = B0252EFE291196CB00764527;
			productRefGroup = B0252F08291196CC00764527 /* Products */;
			projectDirPath = "";
			projectRoot = "";
			targets = (
				B0252F06291196CC00764527 /* EmojiArt */,
			);
		};
/* End PBXProject section */

/* Begin PBXResourcesBuildPhase section */
		B0252F05291196CC00764527 /* Resources */ = {
			isa = PBXResourcesBuildPhase;
			buildActionMask = 2147483647;
			files = (
				B0252F12291196CD00764527 /* Preview Assets.xcassets in Resources */,
				B0252F0F291196CD00764527 /* Assets.xcassets in Resources */,
			);
			runOnlyForDeploymentPostprocessing = 0;
		};
/* End PBXResourcesBuildPhase section */

/* Begin PBXSourcesBuildPhase section */
		B0252F03291196CC00764527 /* Sources */ = {
			isa = PBXSourcesBuildPhase;
			buildActionMask = 2147483647;
			files = (
				B01712B729142AFC00269286 /* Extensions.swift in Sources */,
				B07978B8291A62E900A53C42 /* PaletteStore.swift in Sources */,
				B0252F0D291196CC00764527 /* DocumentView.swift in Sources */,
				B07978BA291A630D00A53C42 /* Palette.swift in Sources */,
				B0252F0B291196CC00764527 /* EmojiArtApp.swift in Sources */,
				B089FB35292A880B0074DC98 /* PaletteManager.swift in Sources */,
				B0252F1E2911973700764527 /* Emoji.swift in Sources */,
				B0CE2419291CFA83003D0843 /* PaletteEditor.swift in Sources */,
				B0252F1C2911970700764527 /* Background.swift in Sources */,
				B0252F202911979400764527 /* Document.swift in Sources */,
				B0252F22291197F800764527 /* DocumentViewModel.swift in Sources */,
				B0A34519291A864B00423F38 /* PaletteChooser.swift in Sources */,
			);
			runOnlyForDeploymentPostprocessing = 0;
		};
/* End PBXSourcesBuildPhase section */

/* Begin XCBuildConfiguration section */
		B0252F13291196CD00764527 /* Debug */ = {
			isa = XCBuildConfiguration;
			buildSettings = {
				ALWAYS_SEARCH_USER_PATHS = NO;
				CLANG_ANALYZER_NONNULL = YES;
				CLANG_ANALYZER_NUMBER_OBJECT_CONVERSION = YES_AGGRESSIVE;
				CLANG_CXX_LANGUAGE_STANDARD = "gnu++20";
				CLANG_ENABLE_MODULES = YES;
				CLANG_ENABLE_OBJC_ARC = YES;
				CLANG_ENABLE_OBJC_WEAK = YES;
				CLANG_WARN_BLOCK_CAPTURE_AUTORELEASING = YES;
				CLANG_WARN_BOOL_CONVERSION = YES;
				CLANG_WARN_COMMA = YES;
				CLANG_WARN_CONSTANT_CONVERSION = YES;
				CLANG_WARN_DEPRECATED_OBJC_IMPLEMENTATIONS = YES;
				CLANG_WARN_DIRECT_OBJC_ISA_USAGE = YES_ERROR;
				CLANG_WARN_DOCUMENTATION_COMMENTS = YES;
				CLANG_WARN_EMPTY_BODY = YES;
				CLANG_WARN_ENUM_CONVERSION = YES;
				CLANG_WARN_INFINITE_RECURSION = YES;
				CLANG_WARN_INT_CONVERSION = YES;
				CLANG_WARN_NON_LITERAL_NULL_CONVERSION = YES;
				CLANG_WARN_OBJC_IMPLICIT_RETAIN_SELF = YES;
				CLANG_WARN_OBJC_LITERAL_CONVERSION = YES;
				CLANG_WARN_OBJC_ROOT_CLASS = YES_ERROR;
				CLANG_WARN_QUOTED_INCLUDE_IN_FRAMEWORK_HEADER = YES;
				CLANG_WARN_RANGE_LOOP_ANALYSIS = YES;
				CLANG_WARN_STRICT_PROTOTYPES = YES;
				CLANG_WARN_SUSPICIOUS_MOVE = YES;
				CLANG_WARN_UNGUARDED_AVAILABILITY = YES_AGGRESSIVE;
				CLANG_WARN_UNREACHABLE_CODE = YES;
				CLANG_WARN__DUPLICATE_METHOD_MATCH = YES;
				COPY_PHASE_STRIP = NO;
				DEBUG_INFORMATION_FORMAT = dwarf;
				ENABLE_STRICT_OBJC_MSGSEND = YES;
				ENABLE_TESTABILITY = YES;
				GCC_C_LANGUAGE_STANDARD = gnu11;
				GCC_DYNAMIC_NO_PIC = NO;
				GCC_NO_COMMON_BLOCKS = YES;
				GCC_OPTIMIZATION_LEVEL = 0;
				GCC_PREPROCESSOR_DEFINITIONS = (
					"DEBUG=1",
					"$(inherited)",
				);
				GCC_WARN_64_TO_32_BIT_CONVERSION = YES;
				GCC_WARN_ABOUT_RETURN_TYPE = YES_ERROR;
				GCC_WARN_UNDECLARED_SELECTOR = YES;
				GCC_WARN_UNINITIALIZED_AUTOS = YES_AGGRESSIVE;
				GCC_WARN_UNUSED_FUNCTION = YES;
				GCC_WARN_UNUSED_VARIABLE = YES;
				IPHONEOS_DEPLOYMENT_TARGET = 16.0;
				MTL_ENABLE_DEBUG_INFO = INCLUDE_SOURCE;
				MTL_FAST_MATH = YES;
				ONLY_ACTIVE_ARCH = YES;
				SDKROOT = iphoneos;
				SWIFT_ACTIVE_COMPILATION_CONDITIONS = DEBUG;
				SWIFT_OPTIMIZATION_LEVEL = "-Onone";
			};
			name = Debug;
		};
		B0252F14291196CD00764527 /* Release */ = {
			isa = XCBuildConfiguration;
			buildSettings = {
				ALWAYS_SEARCH_USER_PATHS = NO;
				CLANG_ANALYZER_NONNULL = YES;
				CLANG_ANALYZER_NUMBER_OBJECT_CONVERSION = YES_AGGRESSIVE;
				CLANG_CXX_LANGUAGE_STANDARD = "gnu++20";
				CLANG_ENABLE_MODULES = YES;
				CLANG_ENABLE_OBJC_ARC = YES;
				CLANG_ENABLE_OBJC_WEAK = YES;
				CLANG_WARN_BLOCK_CAPTURE_AUTORELEASING = YES;
				CLANG_WARN_BOOL_CONVERSION = YES;
				CLANG_WARN_COMMA = YES;
				CLANG_WARN_CONSTANT_CONVERSION = YES;
				CLANG_WARN_DEPRECATED_OBJC_IMPLEMENTATIONS = YES;
				CLANG_WARN_DIRECT_OBJC_ISA_USAGE = YES_ERROR;
				CLANG_WARN_DOCUMENTATION_COMMENTS = YES;
				CLANG_WARN_EMPTY_BODY = YES;
				CLANG_WARN_ENUM_CONVERSION = YES;
				CLANG_WARN_INFINITE_RECURSION = YES;
				CLANG_WARN_INT_CONVERSION = YES;
				CLANG_WARN_NON_LITERAL_NULL_CONVERSION = YES;
				CLANG_WARN_OBJC_IMPLICIT_RETAIN_SELF = YES;
				CLANG_WARN_OBJC_LITERAL_CONVERSION = YES;
				CLANG_WARN_OBJC_ROOT_CLASS = YES_ERROR;
				CLANG_WARN_QUOTED_INCLUDE_IN_FRAMEWORK_HEADER = YES;
				CLANG_WARN_RANGE_LOOP_ANALYSIS = YES;
				CLANG_WARN_STRICT_PROTOTYPES = YES;
				CLANG_WARN_SUSPICIOUS_MOVE = YES;
				CLANG_WARN_UNGUARDED_AVAILABILITY = YES_AGGRESSIVE;
				CLANG_WARN_UNREACHABLE_CODE = YES;
				CLANG_WARN__DUPLICATE_METHOD_MATCH = YES;
				COPY_PHASE_STRIP = NO;
				DEBUG_INFORMATION_FORMAT = "dwarf-with-dsym";
				ENABLE_NS_ASSERTIONS = NO;
				ENABLE_STRICT_OBJC_MSGSEND = YES;
				GCC_C_LANGUAGE_STANDARD = gnu11;
				GCC_NO_COMMON_BLOCKS = YES;
				GCC_WARN_64_TO_32_BIT_CONVERSION = YES;
				GCC_WARN_ABOUT_RETURN_TYPE = YES_ERROR;
				GCC_WARN_UNDECLARED_SELECTOR = YES;
				GCC_WARN_UNINITIALIZED_AUTOS = YES_AGGRESSIVE;
				GCC_WARN_UNUSED_FUNCTION = YES;
				GCC_WARN_UNUSED_VARIABLE = YES;
				IPHONEOS_DEPLOYMENT_TARGET = 16.0;
				MTL_ENABLE_DEBUG_INFO = NO;
				MTL_FAST_MATH = YES;
				SDKROOT = iphoneos;
				SWIFT_COMPILATION_MODE = wholemodule;
				SWIFT_OPTIMIZATION_LEVEL = "-O";
				VALIDATE_PRODUCT = YES;
			};
			name = Release;
		};
		B0252F16291196CD00764527 /* Debug */ = {
			isa = XCBuildConfiguration;
			buildSettings = {
				ASSETCATALOG_COMPILER_APPICON_NAME = AppIcon;
				ASSETCATALOG_COMPILER_GLOBAL_ACCENT_COLOR_NAME = AccentColor;
				CODE_SIGN_STYLE = Automatic;
				CURRENT_PROJECT_VERSION = 1;
				DEVELOPMENT_ASSET_PATHS = "\"EmojiArt/Preview Content\"";
				DEVELOPMENT_TEAM = MB88C6MJ8X;
				ENABLE_PREVIEWS = YES;
				GENERATE_INFOPLIST_FILE = YES;
				INFOPLIST_KEY_UIApplicationSceneManifest_Generation = YES;
				INFOPLIST_KEY_UIApplicationSupportsIndirectInputEvents = YES;
				INFOPLIST_KEY_UILaunchScreen_Generation = YES;
				INFOPLIST_KEY_UISupportedInterfaceOrientations_iPad = "UIInterfaceOrientationPortrait UIInterfaceOrientationPortraitUpsideDown UIInterfaceOrientationLandscapeLeft UIInterfaceOrientationLandscapeRight";
				INFOPLIST_KEY_UISupportedInterfaceOrientations_iPhone = "UIInterfaceOrientationPortrait UIInterfaceOrientationLandscapeLeft UIInterfaceOrientationLandscapeRight";
				LD_RUNPATH_SEARCH_PATHS = (
					"$(inherited)",
					"@executable_path/Frameworks",
				);
				MARKETING_VERSION = 1.0;
				PRODUCT_BUNDLE_IDENTIFIER = be.svanimpe.EmojiArt;
				PRODUCT_NAME = "$(TARGET_NAME)";
				SWIFT_EMIT_LOC_STRINGS = YES;
				SWIFT_VERSION = 5.0;
				TARGETED_DEVICE_FAMILY = "1,2";
			};
			name = Debug;
		};
		B0252F17291196CD00764527 /* Release */ = {
			isa = XCBuildConfiguration;
			buildSettings = {
				ASSETCATALOG_COMPILER_APPICON_NAME = AppIcon;
				ASSETCATALOG_COMPILER_GLOBAL_ACCENT_COLOR_NAME = AccentColor;
				CODE_SIGN_STYLE = Automatic;
				CURRENT_PROJECT_VERSION = 1;
				DEVELOPMENT_ASSET_PATHS = "\"EmojiArt/Preview Content\"";
				DEVELOPMENT_TEAM = MB88C6MJ8X;
				ENABLE_PREVIEWS = YES;
				GENERATE_INFOPLIST_FILE = YES;
				INFOPLIST_KEY_UIApplicationSceneManifest_Generation = YES;
				INFOPLIST_KEY_UIApplicationSupportsIndirectInputEvents = YES;
				INFOPLIST_KEY_UILaunchScreen_Generation = YES;
				INFOPLIST_KEY_UISupportedInterfaceOrientations_iPad = "UIInterfaceOrientationPortrait UIInterfaceOrientationPortraitUpsideDown UIInterfaceOrientationLandscapeLeft UIInterfaceOrientationLandscapeRight";
				INFOPLIST_KEY_UISupportedInterfaceOrientations_iPhone = "UIInterfaceOrientationPortrait UIInterfaceOrientationLandscapeLeft UIInterfaceOrientationLandscapeRight";
				LD_RUNPATH_SEARCH_PATHS = (
					"$(inherited)",
					"@executable_path/Frameworks",
				);
				MARKETING_VERSION = 1.0;
				PRODUCT_BUNDLE_IDENTIFIER = be.svanimpe.EmojiArt;
				PRODUCT_NAME = "$(TARGET_NAME)";
				SWIFT_EMIT_LOC_STRINGS = YES;
				SWIFT_VERSION = 5.0;
				TARGETED_DEVICE_FAMILY = "1,2";
			};
			name = Release;
		};
/* End XCBuildConfiguration section */

/* Begin XCConfigurationList section */
		B0252F02291196CB00764527 /* Build configuration list for PBXProject "EmojiArt" */ = {
			isa = XCConfigurationList;
			buildConfigurations = (
				B0252F13291196CD00764527 /* Debug */,
				B0252F14291196CD00764527 /* Release */,
			);
			defaultConfigurationIsVisible = 0;
			defaultConfigurationName = Release;
		};
		B0252F15291196CD00764527 /* Build configuration list for PBXNativeTarget "EmojiArt" */ = {
			isa = XCConfigurationList;
			buildConfigurations = (
				B0252F16291196CD00764527 /* Debug */,
				B0252F17291196CD00764527 /* Release */,
			);
			defaultConfigurationIsVisible = 0;
			defaultConfigurationName = Release;
		};
/* End XCConfigurationList section */
	};
	rootObject = B0252EFF291196CB00764527 /* Project object */;
}
